// !$*UTF8*$!
{
	archiveVersion = 1;
	classes = {
	};
	objectVersion = 55;
	objects = {

/* Begin PBXBuildFile section */
		413ED13C2784DEC400A1109E /* AppDelegate.swift in Sources */ = {isa = PBXBuildFile; fileRef = 413ED13B2784DEC400A1109E /* AppDelegate.swift */; };
		413ED13E2784DEC400A1109E /* SceneDelegate.swift in Sources */ = {isa = PBXBuildFile; fileRef = 413ED13D2784DEC400A1109E /* SceneDelegate.swift */; };
		413ED1402784DEC400A1109E /* ViewController.swift in Sources */ = {isa = PBXBuildFile; fileRef = 413ED13F2784DEC400A1109E /* ViewController.swift */; };
		413ED1432784DEC400A1109E /* Main.storyboard in Resources */ = {isa = PBXBuildFile; fileRef = 413ED1412784DEC400A1109E /* Main.storyboard */; };
		413ED1452784DEC700A1109E /* Assets.xcassets in Resources */ = {isa = PBXBuildFile; fileRef = 413ED1442784DEC700A1109E /* Assets.xcassets */; };
		413ED1482784DEC700A1109E /* LaunchScreen.storyboard in Resources */ = {isa = PBXBuildFile; fileRef = 413ED1462784DEC700A1109E /* LaunchScreen.storyboard */; };
		4184C28A27BA2F66007DBFE0 /* goat.wav in Resources */ = {isa = PBXBuildFile; fileRef = 4184C28427BA2F66007DBFE0 /* goat.wav */; };
		4184C28B27BA2F66007DBFE0 /* rooster.wav in Resources */ = {isa = PBXBuildFile; fileRef = 4184C28527BA2F66007DBFE0 /* rooster.wav */; };
		4184C28C27BA2F66007DBFE0 /* cat.wav in Resources */ = {isa = PBXBuildFile; fileRef = 4184C28627BA2F66007DBFE0 /* cat.wav */; };
		4184C28D27BA2F66007DBFE0 /* horse.wav in Resources */ = {isa = PBXBuildFile; fileRef = 4184C28727BA2F66007DBFE0 /* horse.wav */; };
		4184C28E27BA2F66007DBFE0 /* dog.wav in Resources */ = {isa = PBXBuildFile; fileRef = 4184C28827BA2F66007DBFE0 /* dog.wav */; };
		4184C28F27BA2F66007DBFE0 /* cow.wav in Resources */ = {isa = PBXBuildFile; fileRef = 4184C28927BA2F66007DBFE0 /* cow.wav */; };
/* End PBXBuildFile section */

/* Begin PBXFileReference section */
		413ED1382784DEC400A1109E /* animalSounds.app */ = {isa = PBXFileReference; explicitFileType = wrapper.application; includeInIndex = 0; path = animalSounds.app; sourceTree = BUILT_PRODUCTS_DIR; };
		413ED13B2784DEC400A1109E /* AppDelegate.swift */ = {isa = PBXFileReference; lastKnownFileType = sourcecode.swift; path = AppDelegate.swift; sourceTree = "<group>"; };
		413ED13D2784DEC400A1109E /* SceneDelegate.swift */ = {isa = PBXFileReference; lastKnownFileType = sourcecode.swift; path = SceneDelegate.swift; sourceTree = "<group>"; };
		413ED13F2784DEC400A1109E /* ViewController.swift */ = {isa = PBXFileReference; lastKnownFileType = sourcecode.swift; path = ViewController.swift; sourceTree = "<group>"; };
		413ED1422784DEC400A1109E /* Base */ = {isa = PBXFileReference; lastKnownFileType = file.storyboard; name = Base; path = Base.lproj/Main.storyboard; sourceTree = "<group>"; };
		413ED1442784DEC700A1109E /* Assets.xcassets */ = {isa = PBXFileReference; lastKnownFileType = folder.assetcatalog; path = Assets.xcassets; sourceTree = "<group>"; };
		413ED1472784DEC700A1109E /* Base */ = {isa = PBXFileReference; lastKnownFileType = file.storyboard; name = Base; path = Base.lproj/LaunchScreen.storyboard; sourceTree = "<group>"; };
		413ED1492784DEC700A1109E /* Info.plist */ = {isa = PBXFileReference; lastKnownFileType = text.plist.xml; path = Info.plist; sourceTree = "<group>"; };
		4184C28427BA2F66007DBFE0 /* goat.wav */ = {isa = PBXFileReference; lastKnownFileType = audio.wav; path = goat.wav; sourceTree = "<group>"; };
		4184C28527BA2F66007DBFE0 /* rooster.wav */ = {isa = PBXFileReference; lastKnownFileType = audio.wav; path = rooster.wav; sourceTree = "<group>"; };
		4184C28627BA2F66007DBFE0 /* cat.wav */ = {isa = PBXFileReference; lastKnownFileType = audio.wav; path = cat.wav; sourceTree = "<group>"; };
		4184C28727BA2F66007DBFE0 /* horse.wav */ = {isa = PBXFileReference; lastKnownFileType = audio.wav; path = horse.wav; sourceTree = "<group>"; };
		4184C28827BA2F66007DBFE0 /* dog.wav */ = {isa = PBXFileReference; lastKnownFileType = audio.wav; path = dog.wav; sourceTree = "<group>"; };
		4184C28927BA2F66007DBFE0 /* cow.wav */ = {isa = PBXFileReference; lastKnownFileType = audio.wav; path = cow.wav; sourceTree = "<group>"; };
/* End PBXFileReference section */

/* Begin PBXFrameworksBuildPhase section */
		413ED1352784DEC400A1109E /* Frameworks */ = {
			isa = PBXFrameworksBuildPhase;
			buildActionMask = 2147483647;
			files = (
			);
			runOnlyForDeploymentPostprocessing = 0;
		};
/* End PBXFrameworksBuildPhase section */

/* Begin PBXGroup section */
		413ED12F2784DEC400A1109E = {
			isa = PBXGroup;
			children = (
				413ED13A2784DEC400A1109E /* animalSounds */,
				413ED1392784DEC400A1109E /* Products */,
			);
			sourceTree = "<group>";
		};
		413ED1392784DEC400A1109E /* Products */ = {
			isa = PBXGroup;
			children = (
				413ED1382784DEC400A1109E /* animalSounds.app */,
			);
			name = Products;
			sourceTree = "<group>";
		};
		413ED13A2784DEC400A1109E /* animalSounds */ = {
			isa = PBXGroup;
			children = (
				413ED13B2784DEC400A1109E /* AppDelegate.swift */,
				413ED13D2784DEC400A1109E /* SceneDelegate.swift */,
				413ED13F2784DEC400A1109E /* ViewController.swift */,
				413ED1412784DEC400A1109E /* Main.storyboard */,
				413ED1442784DEC700A1109E /* Assets.xcassets */,
				413ED1462784DEC700A1109E /* LaunchScreen.storyboard */,
				413ED1492784DEC700A1109E /* Info.plist */,
				4184C28327BA2F66007DBFE0 /* Final Sounds */,
			);
			path = animalSounds;
			sourceTree = "<group>";
		};
		4184C28327BA2F66007DBFE0 /* Final Sounds */ = {
			isa = PBXGroup;
			children = (
				4184C28427BA2F66007DBFE0 /* goat.wav */,
				4184C28527BA2F66007DBFE0 /* rooster.wav */,
				4184C28627BA2F66007DBFE0 /* cat.wav */,
				4184C28727BA2F66007DBFE0 /* horse.wav */,
				4184C28827BA2F66007DBFE0 /* dog.wav */,
				4184C28927BA2F66007DBFE0 /* cow.wav */,
			);
			path = "Final Sounds";
			sourceTree = "<group>";
		};
/* End PBXGroup section */

/* Begin PBXNativeTarget section */
		413ED1372784DEC400A1109E /* animalSounds */ = {
			isa = PBXNativeTarget;
			buildConfigurationList = 413ED14C2784DEC700A1109E /* Build configuration list for PBXNativeTarget "animalSounds" */;
			buildPhases = (
				413ED1342784DEC400A1109E /* Sources */,
				413ED1352784DEC400A1109E /* Frameworks */,
				413ED1362784DEC400A1109E /* Resources */,
			);
			buildRules = (
			);
			dependencies = (
			);
			name = animalSounds;
			productName = animalSounds;
			productReference = 413ED1382784DEC400A1109E /* animalSounds.app */;
			productType = "com.apple.product-type.application";
		};
/* End PBXNativeTarget section */

/* Begin PBXProject section */
		413ED1302784DEC400A1109E /* Project object */ = {
			isa = PBXProject;
			attributes = {
				BuildIndependentTargetsInParallel = 1;
				LastSwiftUpdateCheck = 1310;
				LastUpgradeCheck = 1310;
				TargetAttributes = {
					413ED1372784DEC400A1109E = {
						CreatedOnToolsVersion = 13.1;
					};
				};
			};
			buildConfigurationList = 413ED1332784DEC400A1109E /* Build configuration list for PBXProject "animalSounds" */;
			compatibilityVersion = "Xcode 13.0";
			developmentRegion = en;
			hasScannedForEncodings = 0;
			knownRegions = (
				en,
				Base,
			);
			mainGroup = 413ED12F2784DEC400A1109E;
			productRefGroup = 413ED1392784DEC400A1109E /* Products */;
			projectDirPath = "";
			projectRoot = "";
			targets = (
				413ED1372784DEC400A1109E /* animalSounds */,
			);
		};
/* End PBXProject section */

/* Begin PBXResourcesBuildPhase section */
		413ED1362784DEC400A1109E /* Resources */ = {
			isa = PBXResourcesBuildPhase;
			buildActionMask = 2147483647;
			files = (
				4184C28E27BA2F66007DBFE0 /* dog.wav in Resources */,
				413ED1482784DEC700A1109E /* LaunchScreen.storyboard in Resources */,
				4184C28B27BA2F66007DBFE0 /* rooster.wav in Resources */,
				413ED1452784DEC700A1109E /* Assets.xcassets in Resources */,
				4184C28F27BA2F66007DBFE0 /* cow.wav in Resources */,
				413ED1432784DEC400A1109E /* Main.storyboard in Resources */,
				4184C28A27BA2F66007DBFE0 /* goat.wav in Resources */,
				4184C28C27BA2F66007DBFE0 /* cat.wav in Resources */,
				4184C28D27BA2F66007DBFE0 /* horse.wav in Resources */,
			);
			runOnlyForDeploymentPostprocessing = 0;
		};
/* End PBXResourcesBuildPhase section */

/* Begin PBXSourcesBuildPhase section */
		413ED1342784DEC400A1109E /* Sources */ = {
			isa = PBXSourcesBuildPhase;
			buildActionMask = 2147483647;
			files = (
				413ED1402784DEC400A1109E /* ViewController.swift in Sources */,
				413ED13C2784DEC400A1109E /* AppDelegate.swift in Sources */,
				413ED13E2784DEC400A1109E /* SceneDelegate.swift in Sources */,
			);
			runOnlyForDeploymentPostprocessing = 0;
		};
/* End PBXSourcesBuildPhase section */

/* Begin PBXVariantGroup section */
		413ED1412784DEC400A1109E /* Main.storyboard */ = {
			isa = PBXVariantGroup;
			children = (
				413ED1422784DEC400A1109E /* Base */,
			);
			name = Main.storyboard;
			sourceTree = "<group>";
		};
		413ED1462784DEC700A1109E /* LaunchScreen.storyboard */ = {
			isa = PBXVariantGroup;
			children = (
				413ED1472784DEC700A1109E /* Base */,
			);
			name = LaunchScreen.storyboard;
			sourceTree = "<group>";
		};
/* End PBXVariantGroup section */

/* Begin XCBuildConfiguration section */
		413ED14A2784DEC700A1109E /* Debug */ = {
			isa = XCBuildConfiguration;
			buildSettings = {
				ALWAYS_SEARCH_USER_PATHS = NO;
				CLANG_ANALYZER_NONNULL = YES;
				CLANG_ANALYZER_NUMBER_OBJECT_CONVERSION = YES_AGGRESSIVE;
				CLANG_CXX_LANGUAGE_STANDARD = "gnu++17";
				CLANG_CXX_LIBRARY = "libc++";
				CLANG_ENABLE_MODULES = YES;
				CLANG_ENABLE_OBJC_ARC = YES;
				CLANG_ENABLE_OBJC_WEAK = YES;
				CLANG_WARN_BLOCK_CAPTURE_AUTORELEASING = YES;
				CLANG_WARN_BOOL_CONVERSION = YES;
				CLANG_WARN_COMMA = YES;
				CLANG_WARN_CONSTANT_CONVERSION = YES;
				CLANG_WARN_DEPRECATED_OBJC_IMPLEMENTATIONS = YES;
				CLANG_WARN_DIRECT_OBJC_ISA_USAGE = YES_ERROR;
				CLANG_WARN_DOCUMENTATION_COMMENTS = YES;
				CLANG_WARN_EMPTY_BODY = YES;
				CLANG_WARN_ENUM_CONVERSION = YES;
				CLANG_WARN_INFINITE_RECURSION = YES;
				CLANG_WARN_INT_CONVERSION = YES;
				CLANG_WARN_NON_LITERAL_NULL_CONVERSION = YES;
				CLANG_WARN_OBJC_IMPLICIT_RETAIN_SELF = YES;
				CLANG_WARN_OBJC_LITERAL_CONVERSION = YES;
				CLANG_WARN_OBJC_ROOT_CLASS = YES_ERROR;
				CLANG_WARN_QUOTED_INCLUDE_IN_FRAMEWORK_HEADER = YES;
				CLANG_WARN_RANGE_LOOP_ANALYSIS = YES;
				CLANG_WARN_STRICT_PROTOTYPES = YES;
				CLANG_WARN_SUSPICIOUS_MOVE = YES;
				CLANG_WARN_UNGUARDED_AVAILABILITY = YES_AGGRESSIVE;
				CLANG_WARN_UNREACHABLE_CODE = YES;
				CLANG_WARN__DUPLICATE_METHOD_MATCH = YES;
				COPY_PHASE_STRIP = NO;
				DEBUG_INFORMATION_FORMAT = dwarf;
				ENABLE_STRICT_OBJC_MSGSEND = YES;
				ENABLE_TESTABILITY = YES;
				GCC_C_LANGUAGE_STANDARD = gnu11;
				GCC_DYNAMIC_NO_PIC = NO;
				GCC_NO_COMMON_BLOCKS = YES;
				GCC_OPTIMIZATION_LEVEL = 0;
				GCC_PREPROCESSOR_DEFINITIONS = (
					"DEBUG=1",
					"$(inherited)",
				);
				GCC_WARN_64_TO_32_BIT_CONVERSION = YES;
				GCC_WARN_ABOUT_RETURN_TYPE = YES_ERROR;
				GCC_WARN_UNDECLARED_SELECTOR = YES;
				GCC_WARN_UNINITIALIZED_AUTOS = YES_AGGRESSIVE;
				GCC_WARN_UNUSED_FUNCTION = YES;
				GCC_WARN_UNUSED_VARIABLE = YES;
				IPHONEOS_DEPLOYMENT_TARGET = 15.0;
				MTL_ENABLE_DEBUG_INFO = INCLUDE_SOURCE;
				MTL_FAST_MATH = YES;
				ONLY_ACTIVE_ARCH = YES;
				SDKROOT = iphoneos;
				SWIFT_ACTIVE_COMPILATION_CONDITIONS = DEBUG;
				SWIFT_OPTIMIZATION_LEVEL = "-Onone";
			};
			name = Debug;
		};
		413ED14B2784DEC700A1109E /* Release */ = {
			isa = XCBuildConfiguration;
			buildSettings = {
				ALWAYS_SEARCH_USER_PATHS = NO;
				CLANG_ANALYZER_NONNULL = YES;
				CLANG_ANALYZER_NUMBER_OBJECT_CONVERSION = YES_AGGRESSIVE;
				CLANG_CXX_LANGUAGE_STANDARD = "gnu++17";
				CLANG_CXX_LIBRARY = "libc++";
				CLANG_ENABLE_MODULES = YES;
				CLANG_ENABLE_OBJC_ARC = YES;
				CLANG_ENABLE_OBJC_WEAK = YES;
				CLANG_WARN_BLOCK_CAPTURE_AUTORELEASING = YES;
				CLANG_WARN_BOOL_CONVERSION = YES;
				CLANG_WARN_COMMA = YES;
				CLANG_WARN_CONSTANT_CONVERSION = YES;
				CLANG_WARN_DEPRECATED_OBJC_IMPLEMENTATIONS = YES;
				CLANG_WARN_DIRECT_OBJC_ISA_USAGE = YES_ERROR;
				CLANG_WARN_DOCUMENTATION_COMMENTS = YES;
				CLANG_WARN_EMPTY_BODY = YES;
				CLANG_WARN_ENUM_CONVERSION = YES;
				CLANG_WARN_INFINITE_RECURSION = YES;
				CLANG_WARN_INT_CONVERSION = YES;
				CLANG_WARN_NON_LITERAL_NULL_CONVERSION = YES;
				CLANG_WARN_OBJC_IMPLICIT_RETAIN_SELF = YES;
				CLANG_WARN_OBJC_LITERAL_CONVERSION = YES;
				CLANG_WARN_OBJC_ROOT_CLASS = YES_ERROR;
				CLANG_WARN_QUOTED_INCLUDE_IN_FRAMEWORK_HEADER = YES;
				CLANG_WARN_RANGE_LOOP_ANALYSIS = YES;
				CLANG_WARN_STRICT_PROTOTYPES = YES;
				CLANG_WARN_SUSPICIOUS_MOVE = YES;
				CLANG_WARN_UNGUARDED_AVAILABILITY = YES_AGGRESSIVE;
				CLANG_WARN_UNREACHABLE_CODE = YES;
				CLANG_WARN__DUPLICATE_METHOD_MATCH = YES;
				COPY_PHASE_STRIP = NO;
				DEBUG_INFORMATION_FORMAT = "dwarf-with-dsym";
				ENABLE_NS_ASSERTIONS = NO;
				ENABLE_STRICT_OBJC_MSGSEND = YES;
				GCC_C_LANGUAGE_STANDARD = gnu11;
				GCC_NO_COMMON_BLOCKS = YES;
				GCC_WARN_64_TO_32_BIT_CONVERSION = YES;
				GCC_WARN_ABOUT_RETURN_TYPE = YES_ERROR;
				GCC_WARN_UNDECLARED_SELECTOR = YES;
				GCC_WARN_UNINITIALIZED_AUTOS = YES_AGGRESSIVE;
				GCC_WARN_UNUSED_FUNCTION = YES;
				GCC_WARN_UNUSED_VARIABLE = YES;
				IPHONEOS_DEPLOYMENT_TARGET = 15.0;
				MTL_ENABLE_DEBUG_INFO = NO;
				MTL_FAST_MATH = YES;
				SDKROOT = iphoneos;
				SWIFT_COMPILATION_MODE = wholemodule;
				SWIFT_OPTIMIZATION_LEVEL = "-O";
				VALIDATE_PRODUCT = YES;
			};
			name = Release;
		};
		413ED14D2784DEC700A1109E /* Debug */ = {
			isa = XCBuildConfiguration;
			buildSettings = {
				ASSETCATALOG_COMPILER_APPICON_NAME = AppIcon;
				ASSETCATALOG_COMPILER_GLOBAL_ACCENT_COLOR_NAME = AccentColor;
				CODE_SIGN_STYLE = Automatic;
				CURRENT_PROJECT_VERSION = 1;
				GENERATE_INFOPLIST_FILE = YES;
				INFOPLIST_FILE = animalSounds/Info.plist;
				INFOPLIST_KEY_UIApplicationSupportsIndirectInputEvents = YES;
				INFOPLIST_KEY_UILaunchStoryboardName = LaunchScreen;
				INFOPLIST_KEY_UIMainStoryboardFile = Main;
				INFOPLIST_KEY_UISupportedInterfaceOrientations = "UIInterfaceOrientationPortrait UIInterfaceOrientationLandscapeLeft UIInterfaceOrientationLandscapeRight";
				INFOPLIST_KEY_UISupportedInterfaceOrientations_iPad = "UIInterfaceOrientationPortrait UIInterfaceOrientationPortraitUpsideDown UIInterfaceOrientationLandscapeLeft UIInterfaceOrientationLandscapeRight";
				INFOPLIST_KEY_UISupportedInterfaceOrientations_iPhone = "UIInterfaceOrientationPortrait UIInterfaceOrientationLandscapeLeft UIInterfaceOrientationLandscapeRight";
				LD_RUNPATH_SEARCH_PATHS = (
					"$(inherited)",
					"@executable_path/Frameworks",
				);
				MARKETING_VERSION = 1.0;
				PRODUCT_BUNDLE_IDENTIFIER = com.muhammadali.animalSounds;
				PRODUCT_NAME = "$(TARGET_NAME)";
				SWIFT_EMIT_LOC_STRINGS = YES;
				SWIFT_VERSION = 5.0;
				TARGETED_DEVICE_FAMILY = "1,2";
			};
			name = Debug;
		};
		413ED14E2784DEC700A1109E /* Release */ = {
			isa = XCBuildConfiguration;
			buildSettings = {
				ASSETCATALOG_COMPILER_APPICON_NAME = AppIcon;
				ASSETCATALOG_COMPILER_GLOBAL_ACCENT_COLOR_NAME = AccentColor;
				CODE_SIGN_STYLE = Automatic;
				CURRENT_PROJECT_VERSION = 1;
				GENERATE_INFOPLIST_FILE = YES;
				INFOPLIST_FILE = animalSounds/Info.plist;
				INFOPLIST_KEY_UIApplicationSupportsIndirectInputEvents = YES;
				INFOPLIST_KEY_UILaunchStoryboardName = LaunchScreen;
				INFOPLIST_KEY_UIMainStoryboardFile = Main;
				INFOPLIST_KEY_UISupportedInterfaceOrientations = "UIInterfaceOrientationPortrait UIInterfaceOrientationLandscapeLeft UIInterfaceOrientationLandscapeRight";
				INFOPLIST_KEY_UISupportedInterfaceOrientations_iPad = "UIInterfaceOrientationPortrait UIInterfaceOrientationPortraitUpsideDown UIInterfaceOrientationLandscapeLeft UIInterfaceOrientationLandscapeRight";
				INFOPLIST_KEY_UISupportedInterfaceOrientations_iPhone = "UIInterfaceOrientationPortrait UIInterfaceOrientationLandscapeLeft UIInterfaceOrientationLandscapeRight";
				LD_RUNPATH_SEARCH_PATHS = (
					"$(inherited)",
					"@executable_path/Frameworks",
				);
				MARKETING_VERSION = 1.0;
				PRODUCT_BUNDLE_IDENTIFIER = com.muhammadali.animalSounds;
				PRODUCT_NAME = "$(TARGET_NAME)";
				SWIFT_EMIT_LOC_STRINGS = YES;
				SWIFT_VERSION = 5.0;
				TARGETED_DEVICE_FAMILY = "1,2";
			};
			name = Release;
		};
/* End XCBuildConfiguration section */

/* Begin XCConfigurationList section */
		413ED1332784DEC400A1109E /* Build configuration list for PBXProject "animalSounds" */ = {
			isa = XCConfigurationList;
			buildConfigurations = (
				413ED14A2784DEC700A1109E /* Debug */,
				413ED14B2784DEC700A1109E /* Release */,
			);
			defaultConfigurationIsVisible = 0;
			defaultConfigurationName = Release;
		};
		413ED14C2784DEC700A1109E /* Build configuration list for PBXNativeTarget "animalSounds" */ = {
			isa = XCConfigurationList;
			buildConfigurations = (
				413ED14D2784DEC700A1109E /* Debug */,
				413ED14E2784DEC700A1109E /* Release */,
			);
			defaultConfigurationIsVisible = 0;
			defaultConfigurationName = Release;
		};
/* End XCConfigurationList section */
	};
	rootObject = 413ED1302784DEC400A1109E /* Project object */;
}
